// !$*UTF8*$!
{
	archiveVersion = 1;
	classes = {
	};
	objectVersion = 50;
	objects = {

/* Begin PBXBuildFile section */
		6F3B9FB7243E0D4A000B2EB4 /* VCModel.swift in Sources */ = {isa = PBXBuildFile; fileRef = 6F3B9FB6243E0D4A000B2EB4 /* VCModel.swift */; };
		6F3B9FB9243E0DB9000B2EB4 /* ToDoTableViewCell.swift in Sources */ = {isa = PBXBuildFile; fileRef = 6F3B9FB8243E0DB9000B2EB4 /* ToDoTableViewCell.swift */; };
		6FED5A62243E0C8F00C27F9C /* AppDelegate.swift in Sources */ = {isa = PBXBuildFile; fileRef = 6FED5A61243E0C8F00C27F9C /* AppDelegate.swift */; };
		6FED5A64243E0C8F00C27F9C /* SceneDelegate.swift in Sources */ = {isa = PBXBuildFile; fileRef = 6FED5A63243E0C8F00C27F9C /* SceneDelegate.swift */; };
		6FED5A66243E0C8F00C27F9C /* ViewController.swift in Sources */ = {isa = PBXBuildFile; fileRef = 6FED5A65243E0C8F00C27F9C /* ViewController.swift */; };
		6FED5A69243E0C8F00C27F9C /* Main.storyboard in Resources */ = {isa = PBXBuildFile; fileRef = 6FED5A67243E0C8F00C27F9C /* Main.storyboard */; };
		6FED5A6B243E0C8F00C27F9C /* Assets.xcassets in Resources */ = {isa = PBXBuildFile; fileRef = 6FED5A6A243E0C8F00C27F9C /* Assets.xcassets */; };
		6FED5A6E243E0C9000C27F9C /* LaunchScreen.storyboard in Resources */ = {isa = PBXBuildFile; fileRef = 6FED5A6C243E0C9000C27F9C /* LaunchScreen.storyboard */; };
		B0CE9C7380437C39A8263EAB /* libPods-HomeWork2_4_TODO_MVC.a in Frameworks */ = {isa = PBXBuildFile; fileRef = A1AB8ECA0ECD12E1DE30E711 /* libPods-HomeWork2_4_TODO_MVC.a */; };
/* End PBXBuildFile section */

/* Begin PBXFileReference section */
		17985F3AB878E3451EADB30A /* Pods-HomeWork2_4_TODO_MVC.release.xcconfig */ = {isa = PBXFileReference; includeInIndex = 1; lastKnownFileType = text.xcconfig; name = "Pods-HomeWork2_4_TODO_MVC.release.xcconfig"; path = "Target Support Files/Pods-HomeWork2_4_TODO_MVC/Pods-HomeWork2_4_TODO_MVC.release.xcconfig"; sourceTree = "<group>"; };
		6F3B9FB6243E0D4A000B2EB4 /* VCModel.swift */ = {isa = PBXFileReference; lastKnownFileType = sourcecode.swift; path = VCModel.swift; sourceTree = "<group>"; };
		6F3B9FB8243E0DB9000B2EB4 /* ToDoTableViewCell.swift */ = {isa = PBXFileReference; lastKnownFileType = sourcecode.swift; path = ToDoTableViewCell.swift; sourceTree = "<group>"; };
		6FED5A5E243E0C8F00C27F9C /* HomeWork2_4_TODO_MVC.app */ = {isa = PBXFileReference; explicitFileType = wrapper.application; includeInIndex = 0; path = HomeWork2_4_TODO_MVC.app; sourceTree = BUILT_PRODUCTS_DIR; };
		6FED5A61243E0C8F00C27F9C /* AppDelegate.swift */ = {isa = PBXFileReference; lastKnownFileType = sourcecode.swift; path = AppDelegate.swift; sourceTree = "<group>"; };
		6FED5A63243E0C8F00C27F9C /* SceneDelegate.swift */ = {isa = PBXFileReference; lastKnownFileType = sourcecode.swift; path = SceneDelegate.swift; sourceTree = "<group>"; };
		6FED5A65243E0C8F00C27F9C /* ViewController.swift */ = {isa = PBXFileReference; lastKnownFileType = sourcecode.swift; path = ViewController.swift; sourceTree = "<group>"; };
		6FED5A68243E0C8F00C27F9C /* Base */ = {isa = PBXFileReference; lastKnownFileType = file.storyboard; name = Base; path = Base.lproj/Main.storyboard; sourceTree = "<group>"; };
		6FED5A6A243E0C8F00C27F9C /* Assets.xcassets */ = {isa = PBXFileReference; lastKnownFileType = folder.assetcatalog; path = Assets.xcassets; sourceTree = "<group>"; };
		6FED5A6D243E0C9000C27F9C /* Base */ = {isa = PBXFileReference; lastKnownFileType = file.storyboard; name = Base; path = Base.lproj/LaunchScreen.storyboard; sourceTree = "<group>"; };
		6FED5A6F243E0C9000C27F9C /* Info.plist */ = {isa = PBXFileReference; lastKnownFileType = text.plist.xml; path = Info.plist; sourceTree = "<group>"; };
		A1AB8ECA0ECD12E1DE30E711 /* libPods-HomeWork2_4_TODO_MVC.a */ = {isa = PBXFileReference; explicitFileType = archive.ar; includeInIndex = 0; path = "libPods-HomeWork2_4_TODO_MVC.a"; sourceTree = BUILT_PRODUCTS_DIR; };
		CC1323A7B3AC9442FEFEF235 /* Pods-HomeWork2_4_TODO_MVC.debug.xcconfig */ = {isa = PBXFileReference; includeInIndex = 1; lastKnownFileType = text.xcconfig; name = "Pods-HomeWork2_4_TODO_MVC.debug.xcconfig"; path = "Target Support Files/Pods-HomeWork2_4_TODO_MVC/Pods-HomeWork2_4_TODO_MVC.debug.xcconfig"; sourceTree = "<group>"; };
/* End PBXFileReference section */

/* Begin PBXFrameworksBuildPhase section */
		6FED5A5B243E0C8E00C27F9C /* Frameworks */ = {
			isa = PBXFrameworksBuildPhase;
			buildActionMask = 2147483647;
			files = (
				B0CE9C7380437C39A8263EAB /* libPods-HomeWork2_4_TODO_MVC.a in Frameworks */,
			);
			runOnlyForDeploymentPostprocessing = 0;
		};
/* End PBXFrameworksBuildPhase section */

/* Begin PBXGroup section */
		6FED5A55243E0C8E00C27F9C = {
			isa = PBXGroup;
			children = (
				6FED5A60243E0C8F00C27F9C /* HomeWork2_4_TODO_MVC */,
				6FED5A5F243E0C8F00C27F9C /* Products */,
				991E138E49937C1E9B23E2BC /* Pods */,
				82A5565DC3884967E0662356 /* Frameworks */,
			);
			sourceTree = "<group>";
		};
		6FED5A5F243E0C8F00C27F9C /* Products */ = {
			isa = PBXGroup;
			children = (
				6FED5A5E243E0C8F00C27F9C /* HomeWork2_4_TODO_MVC.app */,
			);
			name = Products;
			sourceTree = "<group>";
		};
		6FED5A60243E0C8F00C27F9C /* HomeWork2_4_TODO_MVC */ = {
			isa = PBXGroup;
			children = (
				6FED5A61243E0C8F00C27F9C /* AppDelegate.swift */,
				6FED5A63243E0C8F00C27F9C /* SceneDelegate.swift */,
				6FED5A65243E0C8F00C27F9C /* ViewController.swift */,
				6F3B9FB6243E0D4A000B2EB4 /* VCModel.swift */,
				6F3B9FB8243E0DB9000B2EB4 /* ToDoTableViewCell.swift */,
				6FED5A67243E0C8F00C27F9C /* Main.storyboard */,
				6FED5A6A243E0C8F00C27F9C /* Assets.xcassets */,
				6FED5A6C243E0C9000C27F9C /* LaunchScreen.storyboard */,
				6FED5A6F243E0C9000C27F9C /* Info.plist */,
			);
			path = HomeWork2_4_TODO_MVC;
			sourceTree = "<group>";
		};
		82A5565DC3884967E0662356 /* Frameworks */ = {
			isa = PBXGroup;
			children = (
				A1AB8ECA0ECD12E1DE30E711 /* libPods-HomeWork2_4_TODO_MVC.a */,
			);
			name = Frameworks;
			sourceTree = "<group>";
		};
		991E138E49937C1E9B23E2BC /* Pods */ = {
			isa = PBXGroup;
			children = (
				CC1323A7B3AC9442FEFEF235 /* Pods-HomeWork2_4_TODO_MVC.debug.xcconfig */,
				17985F3AB878E3451EADB30A /* Pods-HomeWork2_4_TODO_MVC.release.xcconfig */,
			);
			path = Pods;
			sourceTree = "<group>";
		};
/* End PBXGroup section */

/* Begin PBXNativeTarget section */
		6FED5A5D243E0C8E00C27F9C /* HomeWork2_4_TODO_MVC */ = {
			isa = PBXNativeTarget;
			buildConfigurationList = 6FED5A72243E0C9000C27F9C /* Build configuration list for PBXNativeTarget "HomeWork2_4_TODO_MVC" */;
			buildPhases = (
				F3229FE29807267ABE7A4C2C /* [CP] Check Pods Manifest.lock */,
				6FED5A5A243E0C8E00C27F9C /* Sources */,
				6FED5A5B243E0C8E00C27F9C /* Frameworks */,
				6FED5A5C243E0C8E00C27F9C /* Resources */,
			);
			buildRules = (
			);
			dependencies = (
			);
			name = HomeWork2_4_TODO_MVC;
			productName = HomeWork2_4_TODO_MVC;
			productReference = 6FED5A5E243E0C8F00C27F9C /* HomeWork2_4_TODO_MVC.app */;
			productType = "com.apple.product-type.application";
		};
/* End PBXNativeTarget section */

/* Begin PBXProject section */
		6FED5A56243E0C8E00C27F9C /* Project object */ = {
			isa = PBXProject;
			attributes = {
				LastSwiftUpdateCheck = 1140;
				LastUpgradeCheck = 1140;
				ORGANIZATIONNAME = "Roman Kuzmich Home Dev";
				TargetAttributes = {
					6FED5A5D243E0C8E00C27F9C = {
						CreatedOnToolsVersion = 11.4;
					};
				};
			};
			buildConfigurationList = 6FED5A59243E0C8E00C27F9C /* Build configuration list for PBXProject "HomeWork2_4_TODO_MVC" */;
			compatibilityVersion = "Xcode 9.3";
			developmentRegion = en;
			hasScannedForEncodings = 0;
			knownRegions = (
				en,
				Base,
			);
			mainGroup = 6FED5A55243E0C8E00C27F9C;
			productRefGroup = 6FED5A5F243E0C8F00C27F9C /* Products */;
			projectDirPath = "";
			projectRoot = "";
			targets = (
				6FED5A5D243E0C8E00C27F9C /* HomeWork2_4_TODO_MVC */,
			);
		};
/* End PBXProject section */

/* Begin PBXResourcesBuildPhase section */
		6FED5A5C243E0C8E00C27F9C /* Resources */ = {
			isa = PBXResourcesBuildPhase;
			buildActionMask = 2147483647;
			files = (
				6FED5A6E243E0C9000C27F9C /* LaunchScreen.storyboard in Resources */,
				6FED5A6B243E0C8F00C27F9C /* Assets.xcassets in Resources */,
				6FED5A69243E0C8F00C27F9C /* Main.storyboard in Resources */,
			);
			runOnlyForDeploymentPostprocessing = 0;
		};
/* End PBXResourcesBuildPhase section */

/* Begin PBXShellScriptBuildPhase section */
		F3229FE29807267ABE7A4C2C /* [CP] Check Pods Manifest.lock */ = {
			isa = PBXShellScriptBuildPhase;
			buildActionMask = 2147483647;
			files = (
			);
			inputFileListPaths = (
			);
			inputPaths = (
				"${PODS_PODFILE_DIR_PATH}/Podfile.lock",
				"${PODS_ROOT}/Manifest.lock",
			);
			name = "[CP] Check Pods Manifest.lock";
			outputFileListPaths = (
			);
			outputPaths = (
				"$(DERIVED_FILE_DIR)/Pods-HomeWork2_4_TODO_MVC-checkManifestLockResult.txt",
			);
			runOnlyForDeploymentPostprocessing = 0;
			shellPath = /bin/sh;
			shellScript = "diff \"${PODS_PODFILE_DIR_PATH}/Podfile.lock\" \"${PODS_ROOT}/Manifest.lock\" > /dev/null\nif [ $? != 0 ] ; then\n    # print error to STDERR\n    echo \"error: The sandbox is not in sync with the Podfile.lock. Run 'pod install' or update your CocoaPods installation.\" >&2\n    exit 1\nfi\n# This output is used by Xcode 'outputs' to avoid re-running this script phase.\necho \"SUCCESS\" > \"${SCRIPT_OUTPUT_FILE_0}\"\n";
			showEnvVarsInLog = 0;
		};
/* End PBXShellScriptBuildPhase section */

/* Begin PBXSourcesBuildPhase section */
		6FED5A5A243E0C8E00C27F9C /* Sources */ = {
			isa = PBXSourcesBuildPhase;
			buildActionMask = 2147483647;
			files = (
				6FED5A66243E0C8F00C27F9C /* ViewController.swift in Sources */,
				6FED5A62243E0C8F00C27F9C /* AppDelegate.swift in Sources */,
				6F3B9FB7243E0D4A000B2EB4 /* VCModel.swift in Sources */,
				6FED5A64243E0C8F00C27F9C /* SceneDelegate.swift in Sources */,
				6F3B9FB9243E0DB9000B2EB4 /* ToDoTableViewCell.swift in Sources */,
			);
			runOnlyForDeploymentPostprocessing = 0;
		};
/* End PBXSourcesBuildPhase section */

/* Begin PBXVariantGroup section */
		6FED5A67243E0C8F00C27F9C /* Main.storyboard */ = {
			isa = PBXVariantGroup;
			children = (
				6FED5A68243E0C8F00C27F9C /* Base */,
			);
			name = Main.storyboard;
			sourceTree = "<group>";
		};
		6FED5A6C243E0C9000C27F9C /* LaunchScreen.storyboard */ = {
			isa = PBXVariantGroup;
			children = (
				6FED5A6D243E0C9000C27F9C /* Base */,
			);
			name = LaunchScreen.storyboard;
			sourceTree = "<group>";
		};
/* End PBXVariantGroup section */

/* Begin XCBuildConfiguration section */
		6FED5A70243E0C9000C27F9C /* Debug */ = {
			isa = XCBuildConfiguration;
			buildSettings = {
				ALWAYS_SEARCH_USER_PATHS = NO;
				CLANG_ANALYZER_NONNULL = YES;
				CLANG_ANALYZER_NUMBER_OBJECT_CONVERSION = YES_AGGRESSIVE;
				CLANG_CXX_LANGUAGE_STANDARD = "gnu++14";
				CLANG_CXX_LIBRARY = "libc++";
				CLANG_ENABLE_MODULES = YES;
				CLANG_ENABLE_OBJC_ARC = YES;
				CLANG_ENABLE_OBJC_WEAK = YES;
				CLANG_WARN_BLOCK_CAPTURE_AUTORELEASING = YES;
				CLANG_WARN_BOOL_CONVERSION = YES;
				CLANG_WARN_COMMA = YES;
				CLANG_WARN_CONSTANT_CONVERSION = YES;
				CLANG_WARN_DEPRECATED_OBJC_IMPLEMENTATIONS = YES;
				CLANG_WARN_DIRECT_OBJC_ISA_USAGE = YES_ERROR;
				CLANG_WARN_DOCUMENTATION_COMMENTS = YES;
				CLANG_WARN_EMPTY_BODY = YES;
				CLANG_WARN_ENUM_CONVERSION = YES;
				CLANG_WARN_INFINITE_RECURSION = YES;
				CLANG_WARN_INT_CONVERSION = YES;
				CLANG_WARN_NON_LITERAL_NULL_CONVERSION = YES;
				CLANG_WARN_OBJC_IMPLICIT_RETAIN_SELF = YES;
				CLANG_WARN_OBJC_LITERAL_CONVERSION = YES;
				CLANG_WARN_OBJC_ROOT_CLASS = YES_ERROR;
				CLANG_WARN_RANGE_LOOP_ANALYSIS = YES;
				CLANG_WARN_STRICT_PROTOTYPES = YES;
				CLANG_WARN_SUSPICIOUS_MOVE = YES;
				CLANG_WARN_UNGUARDED_AVAILABILITY = YES_AGGRESSIVE;
				CLANG_WARN_UNREACHABLE_CODE = YES;
				CLANG_WARN__DUPLICATE_METHOD_MATCH = YES;
				COPY_PHASE_STRIP = NO;
				DEBUG_INFORMATION_FORMAT = dwarf;
				ENABLE_STRICT_OBJC_MSGSEND = YES;
				ENABLE_TESTABILITY = YES;
				GCC_C_LANGUAGE_STANDARD = gnu11;
				GCC_DYNAMIC_NO_PIC = NO;
				GCC_NO_COMMON_BLOCKS = YES;
				GCC_OPTIMIZATION_LEVEL = 0;
				GCC_PREPROCESSOR_DEFINITIONS = (
					"DEBUG=1",
					"$(inherited)",
				);
				GCC_WARN_64_TO_32_BIT_CONVERSION = YES;
				GCC_WARN_ABOUT_RETURN_TYPE = YES_ERROR;
				GCC_WARN_UNDECLARED_SELECTOR = YES;
				GCC_WARN_UNINITIALIZED_AUTOS = YES_AGGRESSIVE;
				GCC_WARN_UNUSED_FUNCTION = YES;
				GCC_WARN_UNUSED_VARIABLE = YES;
				IPHONEOS_DEPLOYMENT_TARGET = 13.4;
				MTL_ENABLE_DEBUG_INFO = INCLUDE_SOURCE;
				MTL_FAST_MATH = YES;
				ONLY_ACTIVE_ARCH = YES;
				SDKROOT = iphoneos;
				SWIFT_ACTIVE_COMPILATION_CONDITIONS = DEBUG;
				SWIFT_OPTIMIZATION_LEVEL = "-Onone";
			};
			name = Debug;
		};
		6FED5A71243E0C9000C27F9C /* Release */ = {
			isa = XCBuildConfiguration;
			buildSettings = {
				ALWAYS_SEARCH_USER_PATHS = NO;
				CLANG_ANALYZER_NONNULL = YES;
				CLANG_ANALYZER_NUMBER_OBJECT_CONVERSION = YES_AGGRESSIVE;
				CLANG_CXX_LANGUAGE_STANDARD = "gnu++14";
				CLANG_CXX_LIBRARY = "libc++";
				CLANG_ENABLE_MODULES = YES;
				CLANG_ENABLE_OBJC_ARC = YES;
				CLANG_ENABLE_OBJC_WEAK = YES;
				CLANG_WARN_BLOCK_CAPTURE_AUTORELEASING = YES;
				CLANG_WARN_BOOL_CONVERSION = YES;
				CLANG_WARN_COMMA = YES;
				CLANG_WARN_CONSTANT_CONVERSION = YES;
				CLANG_WARN_DEPRECATED_OBJC_IMPLEMENTATIONS = YES;
				CLANG_WARN_DIRECT_OBJC_ISA_USAGE = YES_ERROR;
				CLANG_WARN_DOCUMENTATION_COMMENTS = YES;
				CLANG_WARN_EMPTY_BODY = YES;
				CLANG_WARN_ENUM_CONVERSION = YES;
				CLANG_WARN_INFINITE_RECURSION = YES;
				CLANG_WARN_INT_CONVERSION = YES;
				CLANG_WARN_NON_LITERAL_NULL_CONVERSION = YES;
				CLANG_WARN_OBJC_IMPLICIT_RETAIN_SELF = YES;
				CLANG_WARN_OBJC_LITERAL_CONVERSION = YES;
				CLANG_WARN_OBJC_ROOT_CLASS = YES_ERROR;
				CLANG_WARN_RANGE_LOOP_ANALYSIS = YES;
				CLANG_WARN_STRICT_PROTOTYPES = YES;
				CLANG_WARN_SUSPICIOUS_MOVE = YES;
				CLANG_WARN_UNGUARDED_AVAILABILITY = YES_AGGRESSIVE;
				CLANG_WARN_UNREACHABLE_CODE = YES;
				CLANG_WARN__DUPLICATE_METHOD_MATCH = YES;
				COPY_PHASE_STRIP = NO;
				DEBUG_INFORMATION_FORMAT = "dwarf-with-dsym";
				ENABLE_NS_ASSERTIONS = NO;
				ENABLE_STRICT_OBJC_MSGSEND = YES;
				GCC_C_LANGUAGE_STANDARD = gnu11;
				GCC_NO_COMMON_BLOCKS = YES;
				GCC_WARN_64_TO_32_BIT_CONVERSION = YES;
				GCC_WARN_ABOUT_RETURN_TYPE = YES_ERROR;
				GCC_WARN_UNDECLARED_SELECTOR = YES;
				GCC_WARN_UNINITIALIZED_AUTOS = YES_AGGRESSIVE;
				GCC_WARN_UNUSED_FUNCTION = YES;
				GCC_WARN_UNUSED_VARIABLE = YES;
				IPHONEOS_DEPLOYMENT_TARGET = 13.4;
				MTL_ENABLE_DEBUG_INFO = NO;
				MTL_FAST_MATH = YES;
				SDKROOT = iphoneos;
				SWIFT_COMPILATION_MODE = wholemodule;
				SWIFT_OPTIMIZATION_LEVEL = "-O";
				VALIDATE_PRODUCT = YES;
			};
			name = Release;
		};
		6FED5A73243E0C9000C27F9C /* Debug */ = {
			isa = XCBuildConfiguration;
			baseConfigurationReference = CC1323A7B3AC9442FEFEF235 /* Pods-HomeWork2_4_TODO_MVC.debug.xcconfig */;
			buildSettings = {
				ASSETCATALOG_COMPILER_APPICON_NAME = AppIcon;
				CODE_SIGN_STYLE = Automatic;
				DEVELOPMENT_TEAM = Y3J9DR9455;
				INFOPLIST_FILE = HomeWork2_4_TODO_MVC/Info.plist;
				LD_RUNPATH_SEARCH_PATHS = (
					"$(inherited)",
					"@executable_path/Frameworks",
				);
				PRODUCT_BUNDLE_IDENTIFIER = "Skillbox.HomeWork2-4-TODO-MVC";
				PRODUCT_NAME = "$(TARGET_NAME)";
				SWIFT_VERSION = 5.0;
				TARGETED_DEVICE_FAMILY = "1,2";
			};
			name = Debug;
		};
		6FED5A74243E0C9000C27F9C /* Release */ = {
			isa = XCBuildConfiguration;
			baseConfigurationReference = 17985F3AB878E3451EADB30A /* Pods-HomeWork2_4_TODO_MVC.release.xcconfig */;
			buildSettings = {
				ASSETCATALOG_COMPILER_APPICON_NAME = AppIcon;
				CODE_SIGN_STYLE = Automatic;
				DEVELOPMENT_TEAM = Y3J9DR9455;
				INFOPLIST_FILE = HomeWork2_4_TODO_MVC/Info.plist;
				LD_RUNPATH_SEARCH_PATHS = (
					"$(inherited)",
					"@executable_path/Frameworks",
				);
				PRODUCT_BUNDLE_IDENTIFIER = "Skillbox.HomeWork2-4-TODO-MVC";
				PRODUCT_NAME = "$(TARGET_NAME)";
				SWIFT_VERSION = 5.0;
				TARGETED_DEVICE_FAMILY = "1,2";
			};
			name = Release;
		};
/* End XCBuildConfiguration section */

/* Begin XCConfigurationList section */
		6FED5A59243E0C8E00C27F9C /* Build configuration list for PBXProject "HomeWork2_4_TODO_MVC" */ = {
			isa = XCConfigurationList;
			buildConfigurations = (
				6FED5A70243E0C9000C27F9C /* Debug */,
				6FED5A71243E0C9000C27F9C /* Release */,
			);
			defaultConfigurationIsVisible = 0;
			defaultConfigurationName = Release;
		};
		6FED5A72243E0C9000C27F9C /* Build configuration list for PBXNativeTarget "HomeWork2_4_TODO_MVC" */ = {
			isa = XCConfigurationList;
			buildConfigurations = (
				6FED5A73243E0C9000C27F9C /* Debug */,
				6FED5A74243E0C9000C27F9C /* Release */,
			);
			defaultConfigurationIsVisible = 0;
			defaultConfigurationName = Release;
		};
/* End XCConfigurationList section */
	};
	rootObject = 6FED5A56243E0C8E00C27F9C /* Project object */;
}
